// !$*UTF8*$!
{
	archiveVersion = 1;
	classes = {
	};
	objectVersion = 46;
	objects = {

/* Begin PBXBuildFile section */
		CF78BB661E4ACE84009B3CD7 /* AppDelegate.swift in Sources */ = {isa = PBXBuildFile; fileRef = CF78BB651E4ACE84009B3CD7 /* AppDelegate.swift */; };
		CF78BB681E4ACE84009B3CD7 /* ViewController.swift in Sources */ = {isa = PBXBuildFile; fileRef = CF78BB671E4ACE84009B3CD7 /* ViewController.swift */; };
		CF78BB6B1E4ACE84009B3CD7 /* Main.storyboard in Resources */ = {isa = PBXBuildFile; fileRef = CF78BB691E4ACE84009B3CD7 /* Main.storyboard */; };
		CF78BB6D1E4ACE84009B3CD7 /* Assets.xcassets in Resources */ = {isa = PBXBuildFile; fileRef = CF78BB6C1E4ACE84009B3CD7 /* Assets.xcassets */; };
		CF78BB701E4ACE84009B3CD7 /* LaunchScreen.storyboard in Resources */ = {isa = PBXBuildFile; fileRef = CF78BB6E1E4ACE84009B3CD7 /* LaunchScreen.storyboard */; };
		CF78BB7B1E4ACE84009B3CD7 /* SwiftDemo01Tests.swift in Sources */ = {isa = PBXBuildFile; fileRef = CF78BB7A1E4ACE84009B3CD7 /* SwiftDemo01Tests.swift */; };
		CF78BB861E4ACE84009B3CD7 /* SwiftDemo01UITests.swift in Sources */ = {isa = PBXBuildFile; fileRef = CF78BB851E4ACE84009B3CD7 /* SwiftDemo01UITests.swift */; };
/* End PBXBuildFile section */

/* Begin PBXContainerItemProxy section */
		CF78BB771E4ACE84009B3CD7 /* PBXContainerItemProxy */ = {
			isa = PBXContainerItemProxy;
			containerPortal = CF78BB5A1E4ACE84009B3CD7 /* Project object */;
			proxyType = 1;
			remoteGlobalIDString = CF78BB611E4ACE84009B3CD7;
			remoteInfo = SwiftDemo01;
		};
		CF78BB821E4ACE84009B3CD7 /* PBXContainerItemProxy */ = {
			isa = PBXContainerItemProxy;
			containerPortal = CF78BB5A1E4ACE84009B3CD7 /* Project object */;
			proxyType = 1;
			remoteGlobalIDString = CF78BB611E4ACE84009B3CD7;
			remoteInfo = SwiftDemo01;
		};
/* End PBXContainerItemProxy section */

/* Begin PBXFileReference section */
		CF78BB621E4ACE84009B3CD7 /* SwiftDemo01.app */ = {isa = PBXFileReference; explicitFileType = wrapper.application; includeInIndex = 0; path = SwiftDemo01.app; sourceTree = BUILT_PRODUCTS_DIR; };
		CF78BB651E4ACE84009B3CD7 /* AppDelegate.swift */ = {isa = PBXFileReference; lastKnownFileType = sourcecode.swift; path = AppDelegate.swift; sourceTree = "<group>"; };
		CF78BB671E4ACE84009B3CD7 /* ViewController.swift */ = {isa = PBXFileReference; lastKnownFileType = sourcecode.swift; path = ViewController.swift; sourceTree = "<group>"; };
		CF78BB6A1E4ACE84009B3CD7 /* Base */ = {isa = PBXFileReference; lastKnownFileType = file.storyboard; name = Base; path = Base.lproj/Main.storyboard; sourceTree = "<group>"; };
		CF78BB6C1E4ACE84009B3CD7 /* Assets.xcassets */ = {isa = PBXFileReference; lastKnownFileType = folder.assetcatalog; path = Assets.xcassets; sourceTree = "<group>"; };
		CF78BB6F1E4ACE84009B3CD7 /* Base */ = {isa = PBXFileReference; lastKnownFileType = file.storyboard; name = Base; path = Base.lproj/LaunchScreen.storyboard; sourceTree = "<group>"; };
		CF78BB711E4ACE84009B3CD7 /* Info.plist */ = {isa = PBXFileReference; lastKnownFileType = text.plist.xml; path = Info.plist; sourceTree = "<group>"; };
		CF78BB761E4ACE84009B3CD7 /* SwiftDemo01Tests.xctest */ = {isa = PBXFileReference; explicitFileType = wrapper.cfbundle; includeInIndex = 0; path = SwiftDemo01Tests.xctest; sourceTree = BUILT_PRODUCTS_DIR; };
		CF78BB7A1E4ACE84009B3CD7 /* SwiftDemo01Tests.swift */ = {isa = PBXFileReference; lastKnownFileType = sourcecode.swift; path = SwiftDemo01Tests.swift; sourceTree = "<group>"; };
		CF78BB7C1E4ACE84009B3CD7 /* Info.plist */ = {isa = PBXFileReference; lastKnownFileType = text.plist.xml; path = Info.plist; sourceTree = "<group>"; };
		CF78BB811E4ACE84009B3CD7 /* SwiftDemo01UITests.xctest */ = {isa = PBXFileReference; explicitFileType = wrapper.cfbundle; includeInIndex = 0; path = SwiftDemo01UITests.xctest; sourceTree = BUILT_PRODUCTS_DIR; };
		CF78BB851E4ACE84009B3CD7 /* SwiftDemo01UITests.swift */ = {isa = PBXFileReference; lastKnownFileType = sourcecode.swift; path = SwiftDemo01UITests.swift; sourceTree = "<group>"; };
		CF78BB871E4ACE84009B3CD7 /* Info.plist */ = {isa = PBXFileReference; lastKnownFileType = text.plist.xml; path = Info.plist; sourceTree = "<group>"; };
/* End PBXFileReference section */

/* Begin PBXFrameworksBuildPhase section */
		CF78BB5F1E4ACE84009B3CD7 /* Frameworks */ = {
			isa = PBXFrameworksBuildPhase;
			buildActionMask = 2147483647;
			files = (
			);
			runOnlyForDeploymentPostprocessing = 0;
		};
		CF78BB731E4ACE84009B3CD7 /* Frameworks */ = {
			isa = PBXFrameworksBuildPhase;
			buildActionMask = 2147483647;
			files = (
			);
			runOnlyForDeploymentPostprocessing = 0;
		};
		CF78BB7E1E4ACE84009B3CD7 /* Frameworks */ = {
			isa = PBXFrameworksBuildPhase;
			buildActionMask = 2147483647;
			files = (
			);
			runOnlyForDeploymentPostprocessing = 0;
		};
/* End PBXFrameworksBuildPhase section */

/* Begin PBXGroup section */
		CF78BB591E4ACE84009B3CD7 = {
			isa = PBXGroup;
			children = (
				CF78BB641E4ACE84009B3CD7 /* SwiftDemo01 */,
				CF78BB791E4ACE84009B3CD7 /* SwiftDemo01Tests */,
				CF78BB841E4ACE84009B3CD7 /* SwiftDemo01UITests */,
				CF78BB631E4ACE84009B3CD7 /* Products */,
			);
			sourceTree = "<group>";
		};
		CF78BB631E4ACE84009B3CD7 /* Products */ = {
			isa = PBXGroup;
			children = (
				CF78BB621E4ACE84009B3CD7 /* SwiftDemo01.app */,
				CF78BB761E4ACE84009B3CD7 /* SwiftDemo01Tests.xctest */,
				CF78BB811E4ACE84009B3CD7 /* SwiftDemo01UITests.xctest */,
			);
			name = Products;
			sourceTree = "<group>";
		};
		CF78BB641E4ACE84009B3CD7 /* SwiftDemo01 */ = {
			isa = PBXGroup;
			children = (
				CF78BB651E4ACE84009B3CD7 /* AppDelegate.swift */,
				CF78BB671E4ACE84009B3CD7 /* ViewController.swift */,
				CF78BB691E4ACE84009B3CD7 /* Main.storyboard */,
				CF78BB6C1E4ACE84009B3CD7 /* Assets.xcassets */,
				CF78BB6E1E4ACE84009B3CD7 /* LaunchScreen.storyboard */,
				CF78BB711E4ACE84009B3CD7 /* Info.plist */,
			);
			path = SwiftDemo01;
			sourceTree = "<group>";
		};
		CF78BB791E4ACE84009B3CD7 /* SwiftDemo01Tests */ = {
			isa = PBXGroup;
			children = (
				CF78BB7A1E4ACE84009B3CD7 /* SwiftDemo01Tests.swift */,
				CF78BB7C1E4ACE84009B3CD7 /* Info.plist */,
			);
			path = SwiftDemo01Tests;
			sourceTree = "<group>";
		};
		CF78BB841E4ACE84009B3CD7 /* SwiftDemo01UITests */ = {
			isa = PBXGroup;
			children = (
				CF78BB851E4ACE84009B3CD7 /* SwiftDemo01UITests.swift */,
				CF78BB871E4ACE84009B3CD7 /* Info.plist */,
			);
			path = SwiftDemo01UITests;
			sourceTree = "<group>";
		};
/* End PBXGroup section */

/* Begin PBXNativeTarget section */
		CF78BB611E4ACE84009B3CD7 /* SwiftDemo01 */ = {
			isa = PBXNativeTarget;
			buildConfigurationList = CF78BB8A1E4ACE84009B3CD7 /* Build configuration list for PBXNativeTarget "SwiftDemo01" */;
			buildPhases = (
				CF78BB5E1E4ACE84009B3CD7 /* Sources */,
				CF78BB5F1E4ACE84009B3CD7 /* Frameworks */,
				CF78BB601E4ACE84009B3CD7 /* Resources */,
			);
			buildRules = (
			);
			dependencies = (
			);
			name = SwiftDemo01;
			productName = SwiftDemo01;
			productReference = CF78BB621E4ACE84009B3CD7 /* SwiftDemo01.app */;
			productType = "com.apple.product-type.application";
		};
		CF78BB751E4ACE84009B3CD7 /* SwiftDemo01Tests */ = {
			isa = PBXNativeTarget;
			buildConfigurationList = CF78BB8D1E4ACE84009B3CD7 /* Build configuration list for PBXNativeTarget "SwiftDemo01Tests" */;
			buildPhases = (
				CF78BB721E4ACE84009B3CD7 /* Sources */,
				CF78BB731E4ACE84009B3CD7 /* Frameworks */,
				CF78BB741E4ACE84009B3CD7 /* Resources */,
			);
			buildRules = (
			);
			dependencies = (
				CF78BB781E4ACE84009B3CD7 /* PBXTargetDependency */,
			);
			name = SwiftDemo01Tests;
			productName = SwiftDemo01Tests;
			productReference = CF78BB761E4ACE84009B3CD7 /* SwiftDemo01Tests.xctest */;
			productType = "com.apple.product-type.bundle.unit-test";
		};
		CF78BB801E4ACE84009B3CD7 /* SwiftDemo01UITests */ = {
			isa = PBXNativeTarget;
			buildConfigurationList = CF78BB901E4ACE84009B3CD7 /* Build configuration list for PBXNativeTarget "SwiftDemo01UITests" */;
			buildPhases = (
				CF78BB7D1E4ACE84009B3CD7 /* Sources */,
				CF78BB7E1E4ACE84009B3CD7 /* Frameworks */,
				CF78BB7F1E4ACE84009B3CD7 /* Resources */,
			);
			buildRules = (
			);
			dependencies = (
				CF78BB831E4ACE84009B3CD7 /* PBXTargetDependency */,
			);
			name = SwiftDemo01UITests;
			productName = SwiftDemo01UITests;
			productReference = CF78BB811E4ACE84009B3CD7 /* SwiftDemo01UITests.xctest */;
			productType = "com.apple.product-type.bundle.ui-testing";
		};
/* End PBXNativeTarget section */

/* Begin PBXProject section */
		CF78BB5A1E4ACE84009B3CD7 /* Project object */ = {
			isa = PBXProject;
			attributes = {
				LastSwiftUpdateCheck = 0820;
				LastUpgradeCheck = 0820;
				ORGANIZATIONNAME = Yolo;
				TargetAttributes = {
					CF78BB611E4ACE84009B3CD7 = {
						CreatedOnToolsVersion = 8.2;
						ProvisioningStyle = Automatic;
					};
					CF78BB751E4ACE84009B3CD7 = {
						CreatedOnToolsVersion = 8.2;
						ProvisioningStyle = Automatic;
						TestTargetID = CF78BB611E4ACE84009B3CD7;
					};
					CF78BB801E4ACE84009B3CD7 = {
						CreatedOnToolsVersion = 8.2;
						ProvisioningStyle = Automatic;
						TestTargetID = CF78BB611E4ACE84009B3CD7;
					};
				};
			};
			buildConfigurationList = CF78BB5D1E4ACE84009B3CD7 /* Build configuration list for PBXProject "SwiftDemo01" */;
			compatibilityVersion = "Xcode 3.2";
			developmentRegion = English;
			hasScannedForEncodings = 0;
			knownRegions = (
				en,
				Base,
			);
			mainGroup = CF78BB591E4ACE84009B3CD7;
			productRefGroup = CF78BB631E4ACE84009B3CD7 /* Products */;
			projectDirPath = "";
			projectRoot = "";
			targets = (
				CF78BB611E4ACE84009B3CD7 /* SwiftDemo01 */,
				CF78BB751E4ACE84009B3CD7 /* SwiftDemo01Tests */,
				CF78BB801E4ACE84009B3CD7 /* SwiftDemo01UITests */,
			);
		};
/* End PBXProject section */

/* Begin PBXResourcesBuildPhase section */
		CF78BB601E4ACE84009B3CD7 /* Resources */ = {
			isa = PBXResourcesBuildPhase;
			buildActionMask = 2147483647;
			files = (
				CF78BB701E4ACE84009B3CD7 /* LaunchScreen.storyboard in Resources */,
				CF78BB6D1E4ACE84009B3CD7 /* Assets.xcassets in Resources */,
				CF78BB6B1E4ACE84009B3CD7 /* Main.storyboard in Resources */,
			);
			runOnlyForDeploymentPostprocessing = 0;
		};
		CF78BB741E4ACE84009B3CD7 /* Resources */ = {
			isa = PBXResourcesBuildPhase;
			buildActionMask = 2147483647;
			files = (
			);
			runOnlyForDeploymentPostprocessing = 0;
		};
		CF78BB7F1E4ACE84009B3CD7 /* Resources */ = {
			isa = PBXResourcesBuildPhase;
			buildActionMask = 2147483647;
			files = (
			);
			runOnlyForDeploymentPostprocessing = 0;
		};
/* End PBXResourcesBuildPhase section */

/* Begin PBXSourcesBuildPhase section */
		CF78BB5E1E4ACE84009B3CD7 /* Sources */ = {
			isa = PBXSourcesBuildPhase;
			buildActionMask = 2147483647;
			files = (
				CF78BB681E4ACE84009B3CD7 /* ViewController.swift in Sources */,
				CF78BB661E4ACE84009B3CD7 /* AppDelegate.swift in Sources */,
			);
			runOnlyForDeploymentPostprocessing = 0;
		};
		CF78BB721E4ACE84009B3CD7 /* Sources */ = {
			isa = PBXSourcesBuildPhase;
			buildActionMask = 2147483647;
			files = (
				CF78BB7B1E4ACE84009B3CD7 /* SwiftDemo01Tests.swift in Sources */,
			);
			runOnlyForDeploymentPostprocessing = 0;
		};
		CF78BB7D1E4ACE84009B3CD7 /* Sources */ = {
			isa = PBXSourcesBuildPhase;
			buildActionMask = 2147483647;
			files = (
				CF78BB861E4ACE84009B3CD7 /* SwiftDemo01UITests.swift in Sources */,
			);
			runOnlyForDeploymentPostprocessing = 0;
		};
/* End PBXSourcesBuildPhase section */

/* Begin PBXTargetDependency section */
		CF78BB781E4ACE84009B3CD7 /* PBXTargetDependency */ = {
			isa = PBXTargetDependency;
			target = CF78BB611E4ACE84009B3CD7 /* SwiftDemo01 */;
			targetProxy = CF78BB771E4ACE84009B3CD7 /* PBXContainerItemProxy */;
		};
		CF78BB831E4ACE84009B3CD7 /* PBXTargetDependency */ = {
			isa = PBXTargetDependency;
			target = CF78BB611E4ACE84009B3CD7 /* SwiftDemo01 */;
			targetProxy = CF78BB821E4ACE84009B3CD7 /* PBXContainerItemProxy */;
		};
/* End PBXTargetDependency section */

/* Begin PBXVariantGroup section */
		CF78BB691E4ACE84009B3CD7 /* Main.storyboard */ = {
			isa = PBXVariantGroup;
			children = (
				CF78BB6A1E4ACE84009B3CD7 /* Base */,
			);
			name = Main.storyboard;
			sourceTree = "<group>";
		};
		CF78BB6E1E4ACE84009B3CD7 /* LaunchScreen.storyboard */ = {
			isa = PBXVariantGroup;
			children = (
				CF78BB6F1E4ACE84009B3CD7 /* Base */,
			);
			name = LaunchScreen.storyboard;
			sourceTree = "<group>";
		};
/* End PBXVariantGroup section */

/* Begin XCBuildConfiguration section */
		CF78BB881E4ACE84009B3CD7 /* Debug */ = {
			isa = XCBuildConfiguration;
			buildSettings = {
				ALWAYS_SEARCH_USER_PATHS = NO;
				CLANG_ANALYZER_NONNULL = YES;
				CLANG_CXX_LANGUAGE_STANDARD = "gnu++0x";
				CLANG_CXX_LIBRARY = "libc++";
				CLANG_ENABLE_MODULES = YES;
				CLANG_ENABLE_OBJC_ARC = YES;
				CLANG_WARN_BOOL_CONVERSION = YES;
				CLANG_WARN_CONSTANT_CONVERSION = YES;
				CLANG_WARN_DIRECT_OBJC_ISA_USAGE = YES_ERROR;
				CLANG_WARN_DOCUMENTATION_COMMENTS = YES;
				CLANG_WARN_EMPTY_BODY = YES;
				CLANG_WARN_ENUM_CONVERSION = YES;
				CLANG_WARN_INFINITE_RECURSION = YES;
				CLANG_WARN_INT_CONVERSION = YES;
				CLANG_WARN_OBJC_ROOT_CLASS = YES_ERROR;
				CLANG_WARN_SUSPICIOUS_MOVE = YES;
				CLANG_WARN_UNREACHABLE_CODE = YES;
				CLANG_WARN__DUPLICATE_METHOD_MATCH = YES;
				"CODE_SIGN_IDENTITY[sdk=iphoneos*]" = "iPhone Developer";
				COPY_PHASE_STRIP = NO;
				DEBUG_INFORMATION_FORMAT = dwarf;
				ENABLE_STRICT_OBJC_MSGSEND = YES;
				ENABLE_TESTABILITY = YES;
				GCC_C_LANGUAGE_STANDARD = gnu99;
				GCC_DYNAMIC_NO_PIC = NO;
				GCC_NO_COMMON_BLOCKS = YES;
				GCC_OPTIMIZATION_LEVEL = 0;
				GCC_PREPROCESSOR_DEFINITIONS = (
					"DEBUG=1",
					"$(inherited)",
				);
				GCC_WARN_64_TO_32_BIT_CONVERSION = YES;
				GCC_WARN_ABOUT_RETURN_TYPE = YES_ERROR;
				GCC_WARN_UNDECLARED_SELECTOR = YES;
				GCC_WARN_UNINITIALIZED_AUTOS = YES_AGGRESSIVE;
				GCC_WARN_UNUSED_FUNCTION = YES;
				GCC_WARN_UNUSED_VARIABLE = YES;
				IPHONEOS_DEPLOYMENT_TARGET = 10.2;
				MTL_ENABLE_DEBUG_INFO = YES;
				ONLY_ACTIVE_ARCH = YES;
				SDKROOT = iphoneos;
				SWIFT_ACTIVE_COMPILATION_CONDITIONS = DEBUG;
				SWIFT_OPTIMIZATION_LEVEL = "-Onone";
			};
			name = Debug;
		};
		CF78BB891E4ACE84009B3CD7 /* Release */ = {
			isa = XCBuildConfiguration;
			buildSettings = {
				ALWAYS_SEARCH_USER_PATHS = NO;
				CLANG_ANALYZER_NONNULL = YES;
				CLANG_CXX_LANGUAGE_STANDARD = "gnu++0x";
				CLANG_CXX_LIBRARY = "libc++";
				CLANG_ENABLE_MODULES = YES;
				CLANG_ENABLE_OBJC_ARC = YES;
				CLANG_WARN_BOOL_CONVERSION = YES;
				CLANG_WARN_CONSTANT_CONVERSION = YES;
				CLANG_WARN_DIRECT_OBJC_ISA_USAGE = YES_ERROR;
				CLANG_WARN_DOCUMENTATION_COMMENTS = YES;
				CLANG_WARN_EMPTY_BODY = YES;
				CLANG_WARN_ENUM_CONVERSION = YES;
				CLANG_WARN_INFINITE_RECURSION = YES;
				CLANG_WARN_INT_CONVERSION = YES;
				CLANG_WARN_OBJC_ROOT_CLASS = YES_ERROR;
				CLANG_WARN_SUSPICIOUS_MOVE = YES;
				CLANG_WARN_UNREACHABLE_CODE = YES;
				CLANG_WARN__DUPLICATE_METHOD_MATCH = YES;
				"CODE_SIGN_IDENTITY[sdk=iphoneos*]" = "iPhone Developer";
				COPY_PHASE_STRIP = NO;
				DEBUG_INFORMATION_FORMAT = "dwarf-with-dsym";
				ENABLE_NS_ASSERTIONS = NO;
				ENABLE_STRICT_OBJC_MSGSEND = YES;
				GCC_C_LANGUAGE_STANDARD = gnu99;
				GCC_NO_COMMON_BLOCKS = YES;
				GCC_WARN_64_TO_32_BIT_CONVERSION = YES;
				GCC_WARN_ABOUT_RETURN_TYPE = YES_ERROR;
				GCC_WARN_UNDECLARED_SELECTOR = YES;
				GCC_WARN_UNINITIALIZED_AUTOS = YES_AGGRESSIVE;
				GCC_WARN_UNUSED_FUNCTION = YES;
				GCC_WARN_UNUSED_VARIABLE = YES;
				IPHONEOS_DEPLOYMENT_TARGET = 10.2;
				MTL_ENABLE_DEBUG_INFO = NO;
				SDKROOT = iphoneos;
				SWIFT_OPTIMIZATION_LEVEL = "-Owholemodule";
				VALIDATE_PRODUCT = YES;
			};
			name = Release;
		};
		CF78BB8B1E4ACE84009B3CD7 /* Debug */ = {
			isa = XCBuildConfiguration;
			buildSettings = {
				ASSETCATALOG_COMPILER_APPICON_NAME = AppIcon;
				INFOPLIST_FILE = SwiftDemo01/Info.plist;
				LD_RUNPATH_SEARCH_PATHS = "$(inherited) @executable_path/Frameworks";
				PRODUCT_BUNDLE_IDENTIFIER = Yolo.SwiftDemo01;
				PRODUCT_NAME = "$(TARGET_NAME)";
				SWIFT_VERSION = 3.0;
			};
			name = Debug;
		};
		CF78BB8C1E4ACE84009B3CD7 /* Release */ = {
			isa = XCBuildConfiguration;
			buildSettings = {
				ASSETCATALOG_COMPILER_APPICON_NAME = AppIcon;
				INFOPLIST_FILE = SwiftDemo01/Info.plist;
				LD_RUNPATH_SEARCH_PATHS = "$(inherited) @executable_path/Frameworks";
				PRODUCT_BUNDLE_IDENTIFIER = Yolo.SwiftDemo01;
				PRODUCT_NAME = "$(TARGET_NAME)";
				SWIFT_VERSION = 3.0;
			};
			name = Release;
		};
		CF78BB8E1E4ACE84009B3CD7 /* Debug */ = {
			isa = XCBuildConfiguration;
			buildSettings = {
				ALWAYS_EMBED_SWIFT_STANDARD_LIBRARIES = YES;
				BUNDLE_LOADER = "$(TEST_HOST)";
				INFOPLIST_FILE = SwiftDemo01Tests/Info.plist;
				LD_RUNPATH_SEARCH_PATHS = "$(inherited) @executable_path/Frameworks @loader_path/Frameworks";
				PRODUCT_BUNDLE_IDENTIFIER = Yolo.SwiftDemo01Tests;
				PRODUCT_NAME = "$(TARGET_NAME)";
				SWIFT_VERSION = 3.0;
				TEST_HOST = "$(BUILT_PRODUCTS_DIR)/SwiftDemo01.app/SwiftDemo01";
			};
			name = Debug;
		};
		CF78BB8F1E4ACE84009B3CD7 /* Release */ = {
			isa = XCBuildConfiguration;
			buildSettings = {
				ALWAYS_EMBED_SWIFT_STANDARD_LIBRARIES = YES;
				BUNDLE_LOADER = "$(TEST_HOST)";
				INFOPLIST_FILE = SwiftDemo01Tests/Info.plist;
				LD_RUNPATH_SEARCH_PATHS = "$(inherited) @executable_path/Frameworks @loader_path/Frameworks";
				PRODUCT_BUNDLE_IDENTIFIER = Yolo.SwiftDemo01Tests;
				PRODUCT_NAME = "$(TARGET_NAME)";
				SWIFT_VERSION = 3.0;
				TEST_HOST = "$(BUILT_PRODUCTS_DIR)/SwiftDemo01.app/SwiftDemo01";
			};
			name = Release;
		};
		CF78BB911E4ACE84009B3CD7 /* Debug */ = {
			isa = XCBuildConfiguration;
			buildSettings = {
				ALWAYS_EMBED_SWIFT_STANDARD_LIBRARIES = YES;
				INFOPLIST_FILE = SwiftDemo01UITests/Info.plist;
				LD_RUNPATH_SEARCH_PATHS = "$(inherited) @executable_path/Frameworks @loader_path/Frameworks";
				PRODUCT_BUNDLE_IDENTIFIER = Yolo.SwiftDemo01UITests;
				PRODUCT_NAME = "$(TARGET_NAME)";
				SWIFT_VERSION = 3.0;
				TEST_TARGET_NAME = SwiftDemo01;
			};
			name = Debug;
		};
		CF78BB921E4ACE84009B3CD7 /* Release */ = {
			isa = XCBuildConfiguration;
			buildSettings = {
				ALWAYS_EMBED_SWIFT_STANDARD_LIBRARIES = YES;
				INFOPLIST_FILE = SwiftDemo01UITests/Info.plist;
				LD_RUNPATH_SEARCH_PATHS = "$(inherited) @executable_path/Frameworks @loader_path/Frameworks";
				PRODUCT_BUNDLE_IDENTIFIER = Yolo.SwiftDemo01UITests;
				PRODUCT_NAME = "$(TARGET_NAME)";
				SWIFT_VERSION = 3.0;
				TEST_TARGET_NAME = SwiftDemo01;
			};
			name = Release;
		};
/* End XCBuildConfiguration section */

/* Begin XCConfigurationList section */
		CF78BB5D1E4ACE84009B3CD7 /* Build configuration list for PBXProject "SwiftDemo01" */ = {
			isa = XCConfigurationList;
			buildConfigurations = (
				CF78BB881E4ACE84009B3CD7 /* Debug */,
				CF78BB891E4ACE84009B3CD7 /* Release */,
			);
			defaultConfigurationIsVisible = 0;
			defaultConfigurationName = Release;
		};
		CF78BB8A1E4ACE84009B3CD7 /* Build configuration list for PBXNativeTarget "SwiftDemo01" */ = {
			isa = XCConfigurationList;
			buildConfigurations = (
				CF78BB8B1E4ACE84009B3CD7 /* Debug */,
				CF78BB8C1E4ACE84009B3CD7 /* Release */,
			);
			defaultConfigurationIsVisible = 0;
		};
		CF78BB8D1E4ACE84009B3CD7 /* Build configuration list for PBXNativeTarget "SwiftDemo01Tests" */ = {
			isa = XCConfigurationList;
			buildConfigurations = (
				CF78BB8E1E4ACE84009B3CD7 /* Debug */,
				CF78BB8F1E4ACE84009B3CD7 /* Release */,
			);
			defaultConfigurationIsVisible = 0;
		};
		CF78BB901E4ACE84009B3CD7 /* Build configuration list for PBXNativeTarget "SwiftDemo01UITests" */ = {
			isa = XCConfigurationList;
			buildConfigurations = (
				CF78BB911E4ACE84009B3CD7 /* Debug */,
				CF78BB921E4ACE84009B3CD7 /* Release */,
			);
			defaultConfigurationIsVisible = 0;
		};
/* End XCConfigurationList section */
	};
	rootObject = CF78BB5A1E4ACE84009B3CD7 /* Project object */;
}
