// !$*UTF8*$!
{
	archiveVersion = 1;
	classes = {
	};
	objectVersion = 46;
	objects = {

/* Begin PBXBuildFile section */
		CF78BBE01E4B2589009B3CD7 /* AppDelegate.swift in Sources */ = {isa = PBXBuildFile; fileRef = CF78BBDF1E4B2589009B3CD7 /* AppDelegate.swift */; };
		CF78BBE21E4B2589009B3CD7 /* ViewController.swift in Sources */ = {isa = PBXBuildFile; fileRef = CF78BBE11E4B2589009B3CD7 /* ViewController.swift */; };
		CF78BBE51E4B2589009B3CD7 /* Main.storyboard in Resources */ = {isa = PBXBuildFile; fileRef = CF78BBE31E4B2589009B3CD7 /* Main.storyboard */; };
		CF78BBE71E4B2589009B3CD7 /* Assets.xcassets in Resources */ = {isa = PBXBuildFile; fileRef = CF78BBE61E4B2589009B3CD7 /* Assets.xcassets */; };
		CF78BBEA1E4B2589009B3CD7 /* LaunchScreen.storyboard in Resources */ = {isa = PBXBuildFile; fileRef = CF78BBE81E4B2589009B3CD7 /* LaunchScreen.storyboard */; };
		CF78BBF51E4B2589009B3CD7 /* SwiftDemo01Tests.swift in Sources */ = {isa = PBXBuildFile; fileRef = CF78BBF41E4B2589009B3CD7 /* SwiftDemo01Tests.swift */; };
		CF78BC001E4B2589009B3CD7 /* SwiftDemo01UITests.swift in Sources */ = {isa = PBXBuildFile; fileRef = CF78BBFF1E4B2589009B3CD7 /* SwiftDemo01UITests.swift */; };
/* End PBXBuildFile section */

/* Begin PBXContainerItemProxy section */
		CF78BBF11E4B2589009B3CD7 /* PBXContainerItemProxy */ = {
			isa = PBXContainerItemProxy;
			containerPortal = CF78BBD41E4B2589009B3CD7 /* Project object */;
			proxyType = 1;
			remoteGlobalIDString = CF78BBDB1E4B2589009B3CD7;
			remoteInfo = SwiftDemo01;
		};
		CF78BBFC1E4B2589009B3CD7 /* PBXContainerItemProxy */ = {
			isa = PBXContainerItemProxy;
			containerPortal = CF78BBD41E4B2589009B3CD7 /* Project object */;
			proxyType = 1;
			remoteGlobalIDString = CF78BBDB1E4B2589009B3CD7;
			remoteInfo = SwiftDemo01;
		};
/* End PBXContainerItemProxy section */

/* Begin PBXFileReference section */
		CF78BBDC1E4B2589009B3CD7 /* SwiftDemo01.app */ = {isa = PBXFileReference; explicitFileType = wrapper.application; includeInIndex = 0; path = SwiftDemo01.app; sourceTree = BUILT_PRODUCTS_DIR; };
		CF78BBDF1E4B2589009B3CD7 /* AppDelegate.swift */ = {isa = PBXFileReference; lastKnownFileType = sourcecode.swift; path = AppDelegate.swift; sourceTree = "<group>"; };
		CF78BBE11E4B2589009B3CD7 /* ViewController.swift */ = {isa = PBXFileReference; lastKnownFileType = sourcecode.swift; path = ViewController.swift; sourceTree = "<group>"; };
		CF78BBE41E4B2589009B3CD7 /* Base */ = {isa = PBXFileReference; lastKnownFileType = file.storyboard; name = Base; path = Base.lproj/Main.storyboard; sourceTree = "<group>"; };
		CF78BBE61E4B2589009B3CD7 /* Assets.xcassets */ = {isa = PBXFileReference; lastKnownFileType = folder.assetcatalog; path = Assets.xcassets; sourceTree = "<group>"; };
		CF78BBE91E4B2589009B3CD7 /* Base */ = {isa = PBXFileReference; lastKnownFileType = file.storyboard; name = Base; path = Base.lproj/LaunchScreen.storyboard; sourceTree = "<group>"; };
		CF78BBEB1E4B2589009B3CD7 /* Info.plist */ = {isa = PBXFileReference; lastKnownFileType = text.plist.xml; path = Info.plist; sourceTree = "<group>"; };
		CF78BBF01E4B2589009B3CD7 /* SwiftDemo01Tests.xctest */ = {isa = PBXFileReference; explicitFileType = wrapper.cfbundle; includeInIndex = 0; path = SwiftDemo01Tests.xctest; sourceTree = BUILT_PRODUCTS_DIR; };
		CF78BBF41E4B2589009B3CD7 /* SwiftDemo01Tests.swift */ = {isa = PBXFileReference; lastKnownFileType = sourcecode.swift; path = SwiftDemo01Tests.swift; sourceTree = "<group>"; };
		CF78BBF61E4B2589009B3CD7 /* Info.plist */ = {isa = PBXFileReference; lastKnownFileType = text.plist.xml; path = Info.plist; sourceTree = "<group>"; };
		CF78BBFB1E4B2589009B3CD7 /* SwiftDemo01UITests.xctest */ = {isa = PBXFileReference; explicitFileType = wrapper.cfbundle; includeInIndex = 0; path = SwiftDemo01UITests.xctest; sourceTree = BUILT_PRODUCTS_DIR; };
		CF78BBFF1E4B2589009B3CD7 /* SwiftDemo01UITests.swift */ = {isa = PBXFileReference; lastKnownFileType = sourcecode.swift; path = SwiftDemo01UITests.swift; sourceTree = "<group>"; };
		CF78BC011E4B2589009B3CD7 /* Info.plist */ = {isa = PBXFileReference; lastKnownFileType = text.plist.xml; path = Info.plist; sourceTree = "<group>"; };
/* End PBXFileReference section */

/* Begin PBXFrameworksBuildPhase section */
		CF78BBD91E4B2589009B3CD7 /* Frameworks */ = {
			isa = PBXFrameworksBuildPhase;
			buildActionMask = 2147483647;
			files = (
			);
			runOnlyForDeploymentPostprocessing = 0;
		};
		CF78BBED1E4B2589009B3CD7 /* Frameworks */ = {
			isa = PBXFrameworksBuildPhase;
			buildActionMask = 2147483647;
			files = (
			);
			runOnlyForDeploymentPostprocessing = 0;
		};
		CF78BBF81E4B2589009B3CD7 /* Frameworks */ = {
			isa = PBXFrameworksBuildPhase;
			buildActionMask = 2147483647;
			files = (
			);
			runOnlyForDeploymentPostprocessing = 0;
		};
/* End PBXFrameworksBuildPhase section */

/* Begin PBXGroup section */
		CF78BBD31E4B2589009B3CD7 = {
			isa = PBXGroup;
			children = (
				CF78BBDE1E4B2589009B3CD7 /* SwiftDemo01 */,
				CF78BBF31E4B2589009B3CD7 /* SwiftDemo01Tests */,
				CF78BBFE1E4B2589009B3CD7 /* SwiftDemo01UITests */,
				CF78BBDD1E4B2589009B3CD7 /* Products */,
			);
			sourceTree = "<group>";
		};
		CF78BBDD1E4B2589009B3CD7 /* Products */ = {
			isa = PBXGroup;
			children = (
				CF78BBDC1E4B2589009B3CD7 /* SwiftDemo01.app */,
				CF78BBF01E4B2589009B3CD7 /* SwiftDemo01Tests.xctest */,
				CF78BBFB1E4B2589009B3CD7 /* SwiftDemo01UITests.xctest */,
			);
			name = Products;
			sourceTree = "<group>";
		};
		CF78BBDE1E4B2589009B3CD7 /* SwiftDemo01 */ = {
			isa = PBXGroup;
			children = (
				CF78BBDF1E4B2589009B3CD7 /* AppDelegate.swift */,
				CF78BBE11E4B2589009B3CD7 /* ViewController.swift */,
				CF78BBE31E4B2589009B3CD7 /* Main.storyboard */,
				CF78BBE61E4B2589009B3CD7 /* Assets.xcassets */,
				CF78BBE81E4B2589009B3CD7 /* LaunchScreen.storyboard */,
				CF78BBEB1E4B2589009B3CD7 /* Info.plist */,
			);
			path = SwiftDemo01;
			sourceTree = "<group>";
		};
		CF78BBF31E4B2589009B3CD7 /* SwiftDemo01Tests */ = {
			isa = PBXGroup;
			children = (
				CF78BBF41E4B2589009B3CD7 /* SwiftDemo01Tests.swift */,
				CF78BBF61E4B2589009B3CD7 /* Info.plist */,
			);
			path = SwiftDemo01Tests;
			sourceTree = "<group>";
		};
		CF78BBFE1E4B2589009B3CD7 /* SwiftDemo01UITests */ = {
			isa = PBXGroup;
			children = (
				CF78BBFF1E4B2589009B3CD7 /* SwiftDemo01UITests.swift */,
				CF78BC011E4B2589009B3CD7 /* Info.plist */,
			);
			path = SwiftDemo01UITests;
			sourceTree = "<group>";
		};
/* End PBXGroup section */

/* Begin PBXNativeTarget section */
		CF78BBDB1E4B2589009B3CD7 /* SwiftDemo01 */ = {
			isa = PBXNativeTarget;
			buildConfigurationList = CF78BC041E4B2589009B3CD7 /* Build configuration list for PBXNativeTarget "SwiftDemo01" */;
			buildPhases = (
				CF78BBD81E4B2589009B3CD7 /* Sources */,
				CF78BBD91E4B2589009B3CD7 /* Frameworks */,
				CF78BBDA1E4B2589009B3CD7 /* Resources */,
			);
			buildRules = (
			);
			dependencies = (
			);
			name = SwiftDemo01;
			productName = SwiftDemo01;
			productReference = CF78BBDC1E4B2589009B3CD7 /* SwiftDemo01.app */;
			productType = "com.apple.product-type.application";
		};
		CF78BBEF1E4B2589009B3CD7 /* SwiftDemo01Tests */ = {
			isa = PBXNativeTarget;
			buildConfigurationList = CF78BC071E4B2589009B3CD7 /* Build configuration list for PBXNativeTarget "SwiftDemo01Tests" */;
			buildPhases = (
				CF78BBEC1E4B2589009B3CD7 /* Sources */,
				CF78BBED1E4B2589009B3CD7 /* Frameworks */,
				CF78BBEE1E4B2589009B3CD7 /* Resources */,
			);
			buildRules = (
			);
			dependencies = (
				CF78BBF21E4B2589009B3CD7 /* PBXTargetDependency */,
			);
			name = SwiftDemo01Tests;
			productName = SwiftDemo01Tests;
			productReference = CF78BBF01E4B2589009B3CD7 /* SwiftDemo01Tests.xctest */;
			productType = "com.apple.product-type.bundle.unit-test";
		};
		CF78BBFA1E4B2589009B3CD7 /* SwiftDemo01UITests */ = {
			isa = PBXNativeTarget;
			buildConfigurationList = CF78BC0A1E4B2589009B3CD7 /* Build configuration list for PBXNativeTarget "SwiftDemo01UITests" */;
			buildPhases = (
				CF78BBF71E4B2589009B3CD7 /* Sources */,
				CF78BBF81E4B2589009B3CD7 /* Frameworks */,
				CF78BBF91E4B2589009B3CD7 /* Resources */,
			);
			buildRules = (
			);
			dependencies = (
				CF78BBFD1E4B2589009B3CD7 /* PBXTargetDependency */,
			);
			name = SwiftDemo01UITests;
			productName = SwiftDemo01UITests;
			productReference = CF78BBFB1E4B2589009B3CD7 /* SwiftDemo01UITests.xctest */;
			productType = "com.apple.product-type.bundle.ui-testing";
		};
/* End PBXNativeTarget section */

/* Begin PBXProject section */
		CF78BBD41E4B2589009B3CD7 /* Project object */ = {
			isa = PBXProject;
			attributes = {
				LastSwiftUpdateCheck = 0820;
				LastUpgradeCheck = 0820;
				ORGANIZATIONNAME = Yolo;
				TargetAttributes = {
					CF78BBDB1E4B2589009B3CD7 = {
						CreatedOnToolsVersion = 8.2;
						ProvisioningStyle = Automatic;
					};
					CF78BBEF1E4B2589009B3CD7 = {
						CreatedOnToolsVersion = 8.2;
						ProvisioningStyle = Automatic;
						TestTargetID = CF78BBDB1E4B2589009B3CD7;
					};
					CF78BBFA1E4B2589009B3CD7 = {
						CreatedOnToolsVersion = 8.2;
						ProvisioningStyle = Automatic;
						TestTargetID = CF78BBDB1E4B2589009B3CD7;
					};
				};
			};
			buildConfigurationList = CF78BBD71E4B2589009B3CD7 /* Build configuration list for PBXProject "SwiftDemo01" */;
			compatibilityVersion = "Xcode 3.2";
			developmentRegion = English;
			hasScannedForEncodings = 0;
			knownRegions = (
				en,
				Base,
			);
			mainGroup = CF78BBD31E4B2589009B3CD7;
			productRefGroup = CF78BBDD1E4B2589009B3CD7 /* Products */;
			projectDirPath = "";
			projectRoot = "";
			targets = (
				CF78BBDB1E4B2589009B3CD7 /* SwiftDemo01 */,
				CF78BBEF1E4B2589009B3CD7 /* SwiftDemo01Tests */,
				CF78BBFA1E4B2589009B3CD7 /* SwiftDemo01UITests */,
			);
		};
/* End PBXProject section */

/* Begin PBXResourcesBuildPhase section */
		CF78BBDA1E4B2589009B3CD7 /* Resources */ = {
			isa = PBXResourcesBuildPhase;
			buildActionMask = 2147483647;
			files = (
				CF78BBEA1E4B2589009B3CD7 /* LaunchScreen.storyboard in Resources */,
				CF78BBE71E4B2589009B3CD7 /* Assets.xcassets in Resources */,
				CF78BBE51E4B2589009B3CD7 /* Main.storyboard in Resources */,
			);
			runOnlyForDeploymentPostprocessing = 0;
		};
		CF78BBEE1E4B2589009B3CD7 /* Resources */ = {
			isa = PBXResourcesBuildPhase;
			buildActionMask = 2147483647;
			files = (
			);
			runOnlyForDeploymentPostprocessing = 0;
		};
		CF78BBF91E4B2589009B3CD7 /* Resources */ = {
			isa = PBXResourcesBuildPhase;
			buildActionMask = 2147483647;
			files = (
			);
			runOnlyForDeploymentPostprocessing = 0;
		};
/* End PBXResourcesBuildPhase section */

/* Begin PBXSourcesBuildPhase section */
		CF78BBD81E4B2589009B3CD7 /* Sources */ = {
			isa = PBXSourcesBuildPhase;
			buildActionMask = 2147483647;
			files = (
				CF78BBE21E4B2589009B3CD7 /* ViewController.swift in Sources */,
				CF78BBE01E4B2589009B3CD7 /* AppDelegate.swift in Sources */,
			);
			runOnlyForDeploymentPostprocessing = 0;
		};
		CF78BBEC1E4B2589009B3CD7 /* Sources */ = {
			isa = PBXSourcesBuildPhase;
			buildActionMask = 2147483647;
			files = (
				CF78BBF51E4B2589009B3CD7 /* SwiftDemo01Tests.swift in Sources */,
			);
			runOnlyForDeploymentPostprocessing = 0;
		};
		CF78BBF71E4B2589009B3CD7 /* Sources */ = {
			isa = PBXSourcesBuildPhase;
			buildActionMask = 2147483647;
			files = (
				CF78BC001E4B2589009B3CD7 /* SwiftDemo01UITests.swift in Sources */,
			);
			runOnlyForDeploymentPostprocessing = 0;
		};
/* End PBXSourcesBuildPhase section */

/* Begin PBXTargetDependency section */
		CF78BBF21E4B2589009B3CD7 /* PBXTargetDependency */ = {
			isa = PBXTargetDependency;
			target = CF78BBDB1E4B2589009B3CD7 /* SwiftDemo01 */;
			targetProxy = CF78BBF11E4B2589009B3CD7 /* PBXContainerItemProxy */;
		};
		CF78BBFD1E4B2589009B3CD7 /* PBXTargetDependency */ = {
			isa = PBXTargetDependency;
			target = CF78BBDB1E4B2589009B3CD7 /* SwiftDemo01 */;
			targetProxy = CF78BBFC1E4B2589009B3CD7 /* PBXContainerItemProxy */;
		};
/* End PBXTargetDependency section */

/* Begin PBXVariantGroup section */
		CF78BBE31E4B2589009B3CD7 /* Main.storyboard */ = {
			isa = PBXVariantGroup;
			children = (
				CF78BBE41E4B2589009B3CD7 /* Base */,
			);
			name = Main.storyboard;
			sourceTree = "<group>";
		};
		CF78BBE81E4B2589009B3CD7 /* LaunchScreen.storyboard */ = {
			isa = PBXVariantGroup;
			children = (
				CF78BBE91E4B2589009B3CD7 /* Base */,
			);
			name = LaunchScreen.storyboard;
			sourceTree = "<group>";
		};
/* End PBXVariantGroup section */

/* Begin XCBuildConfiguration section */
		CF78BC021E4B2589009B3CD7 /* Debug */ = {
			isa = XCBuildConfiguration;
			buildSettings = {
				ALWAYS_SEARCH_USER_PATHS = NO;
				CLANG_ANALYZER_NONNULL = YES;
				CLANG_CXX_LANGUAGE_STANDARD = "gnu++0x";
				CLANG_CXX_LIBRARY = "libc++";
				CLANG_ENABLE_MODULES = YES;
				CLANG_ENABLE_OBJC_ARC = YES;
				CLANG_WARN_BOOL_CONVERSION = YES;
				CLANG_WARN_CONSTANT_CONVERSION = YES;
				CLANG_WARN_DIRECT_OBJC_ISA_USAGE = YES_ERROR;
				CLANG_WARN_DOCUMENTATION_COMMENTS = YES;
				CLANG_WARN_EMPTY_BODY = YES;
				CLANG_WARN_ENUM_CONVERSION = YES;
				CLANG_WARN_INFINITE_RECURSION = YES;
				CLANG_WARN_INT_CONVERSION = YES;
				CLANG_WARN_OBJC_ROOT_CLASS = YES_ERROR;
				CLANG_WARN_SUSPICIOUS_MOVE = YES;
				CLANG_WARN_UNREACHABLE_CODE = YES;
				CLANG_WARN__DUPLICATE_METHOD_MATCH = YES;
				"CODE_SIGN_IDENTITY[sdk=iphoneos*]" = "iPhone Developer";
				COPY_PHASE_STRIP = NO;
				DEBUG_INFORMATION_FORMAT = dwarf;
				ENABLE_STRICT_OBJC_MSGSEND = YES;
				ENABLE_TESTABILITY = YES;
				GCC_C_LANGUAGE_STANDARD = gnu99;
				GCC_DYNAMIC_NO_PIC = NO;
				GCC_NO_COMMON_BLOCKS = YES;
				GCC_OPTIMIZATION_LEVEL = 0;
				GCC_PREPROCESSOR_DEFINITIONS = (
					"DEBUG=1",
					"$(inherited)",
				);
				GCC_WARN_64_TO_32_BIT_CONVERSION = YES;
				GCC_WARN_ABOUT_RETURN_TYPE = YES_ERROR;
				GCC_WARN_UNDECLARED_SELECTOR = YES;
				GCC_WARN_UNINITIALIZED_AUTOS = YES_AGGRESSIVE;
				GCC_WARN_UNUSED_FUNCTION = YES;
				GCC_WARN_UNUSED_VARIABLE = YES;
				IPHONEOS_DEPLOYMENT_TARGET = 10.2;
				MTL_ENABLE_DEBUG_INFO = YES;
				ONLY_ACTIVE_ARCH = YES;
				SDKROOT = iphoneos;
				SWIFT_ACTIVE_COMPILATION_CONDITIONS = DEBUG;
				SWIFT_OPTIMIZATION_LEVEL = "-Onone";
			};
			name = Debug;
		};
		CF78BC031E4B2589009B3CD7 /* Release */ = {
			isa = XCBuildConfiguration;
			buildSettings = {
				ALWAYS_SEARCH_USER_PATHS = NO;
				CLANG_ANALYZER_NONNULL = YES;
				CLANG_CXX_LANGUAGE_STANDARD = "gnu++0x";
				CLANG_CXX_LIBRARY = "libc++";
				CLANG_ENABLE_MODULES = YES;
				CLANG_ENABLE_OBJC_ARC = YES;
				CLANG_WARN_BOOL_CONVERSION = YES;
				CLANG_WARN_CONSTANT_CONVERSION = YES;
				CLANG_WARN_DIRECT_OBJC_ISA_USAGE = YES_ERROR;
				CLANG_WARN_DOCUMENTATION_COMMENTS = YES;
				CLANG_WARN_EMPTY_BODY = YES;
				CLANG_WARN_ENUM_CONVERSION = YES;
				CLANG_WARN_INFINITE_RECURSION = YES;
				CLANG_WARN_INT_CONVERSION = YES;
				CLANG_WARN_OBJC_ROOT_CLASS = YES_ERROR;
				CLANG_WARN_SUSPICIOUS_MOVE = YES;
				CLANG_WARN_UNREACHABLE_CODE = YES;
				CLANG_WARN__DUPLICATE_METHOD_MATCH = YES;
				"CODE_SIGN_IDENTITY[sdk=iphoneos*]" = "iPhone Developer";
				COPY_PHASE_STRIP = NO;
				DEBUG_INFORMATION_FORMAT = "dwarf-with-dsym";
				ENABLE_NS_ASSERTIONS = NO;
				ENABLE_STRICT_OBJC_MSGSEND = YES;
				GCC_C_LANGUAGE_STANDARD = gnu99;
				GCC_NO_COMMON_BLOCKS = YES;
				GCC_WARN_64_TO_32_BIT_CONVERSION = YES;
				GCC_WARN_ABOUT_RETURN_TYPE = YES_ERROR;
				GCC_WARN_UNDECLARED_SELECTOR = YES;
				GCC_WARN_UNINITIALIZED_AUTOS = YES_AGGRESSIVE;
				GCC_WARN_UNUSED_FUNCTION = YES;
				GCC_WARN_UNUSED_VARIABLE = YES;
				IPHONEOS_DEPLOYMENT_TARGET = 10.2;
				MTL_ENABLE_DEBUG_INFO = NO;
				SDKROOT = iphoneos;
				SWIFT_OPTIMIZATION_LEVEL = "-Owholemodule";
				VALIDATE_PRODUCT = YES;
			};
			name = Release;
		};
		CF78BC051E4B2589009B3CD7 /* Debug */ = {
			isa = XCBuildConfiguration;
			buildSettings = {
				ASSETCATALOG_COMPILER_APPICON_NAME = AppIcon;
				INFOPLIST_FILE = SwiftDemo01/Info.plist;
				LD_RUNPATH_SEARCH_PATHS = "$(inherited) @executable_path/Frameworks";
				PRODUCT_BUNDLE_IDENTIFIER = Yolo.SwiftDemo01;
				PRODUCT_NAME = "$(TARGET_NAME)";
				SWIFT_VERSION = 3.0;
			};
			name = Debug;
		};
		CF78BC061E4B2589009B3CD7 /* Release */ = {
			isa = XCBuildConfiguration;
			buildSettings = {
				ASSETCATALOG_COMPILER_APPICON_NAME = AppIcon;
				INFOPLIST_FILE = SwiftDemo01/Info.plist;
				LD_RUNPATH_SEARCH_PATHS = "$(inherited) @executable_path/Frameworks";
				PRODUCT_BUNDLE_IDENTIFIER = Yolo.SwiftDemo01;
				PRODUCT_NAME = "$(TARGET_NAME)";
				SWIFT_VERSION = 3.0;
			};
			name = Release;
		};
		CF78BC081E4B2589009B3CD7 /* Debug */ = {
			isa = XCBuildConfiguration;
			buildSettings = {
				ALWAYS_EMBED_SWIFT_STANDARD_LIBRARIES = YES;
				BUNDLE_LOADER = "$(TEST_HOST)";
				INFOPLIST_FILE = SwiftDemo01Tests/Info.plist;
				LD_RUNPATH_SEARCH_PATHS = "$(inherited) @executable_path/Frameworks @loader_path/Frameworks";
				PRODUCT_BUNDLE_IDENTIFIER = Yolo.SwiftDemo01Tests;
				PRODUCT_NAME = "$(TARGET_NAME)";
				SWIFT_VERSION = 3.0;
				TEST_HOST = "$(BUILT_PRODUCTS_DIR)/SwiftDemo01.app/SwiftDemo01";
			};
			name = Debug;
		};
		CF78BC091E4B2589009B3CD7 /* Release */ = {
			isa = XCBuildConfiguration;
			buildSettings = {
				ALWAYS_EMBED_SWIFT_STANDARD_LIBRARIES = YES;
				BUNDLE_LOADER = "$(TEST_HOST)";
				INFOPLIST_FILE = SwiftDemo01Tests/Info.plist;
				LD_RUNPATH_SEARCH_PATHS = "$(inherited) @executable_path/Frameworks @loader_path/Frameworks";
				PRODUCT_BUNDLE_IDENTIFIER = Yolo.SwiftDemo01Tests;
				PRODUCT_NAME = "$(TARGET_NAME)";
				SWIFT_VERSION = 3.0;
				TEST_HOST = "$(BUILT_PRODUCTS_DIR)/SwiftDemo01.app/SwiftDemo01";
			};
			name = Release;
		};
		CF78BC0B1E4B2589009B3CD7 /* Debug */ = {
			isa = XCBuildConfiguration;
			buildSettings = {
				ALWAYS_EMBED_SWIFT_STANDARD_LIBRARIES = YES;
				INFOPLIST_FILE = SwiftDemo01UITests/Info.plist;
				LD_RUNPATH_SEARCH_PATHS = "$(inherited) @executable_path/Frameworks @loader_path/Frameworks";
				PRODUCT_BUNDLE_IDENTIFIER = Yolo.SwiftDemo01UITests;
				PRODUCT_NAME = "$(TARGET_NAME)";
				SWIFT_VERSION = 3.0;
				TEST_TARGET_NAME = SwiftDemo01;
			};
			name = Debug;
		};
		CF78BC0C1E4B2589009B3CD7 /* Release */ = {
			isa = XCBuildConfiguration;
			buildSettings = {
				ALWAYS_EMBED_SWIFT_STANDARD_LIBRARIES = YES;
				INFOPLIST_FILE = SwiftDemo01UITests/Info.plist;
				LD_RUNPATH_SEARCH_PATHS = "$(inherited) @executable_path/Frameworks @loader_path/Frameworks";
				PRODUCT_BUNDLE_IDENTIFIER = Yolo.SwiftDemo01UITests;
				PRODUCT_NAME = "$(TARGET_NAME)";
				SWIFT_VERSION = 3.0;
				TEST_TARGET_NAME = SwiftDemo01;
			};
			name = Release;
		};
/* End XCBuildConfiguration section */

/* Begin XCConfigurationList section */
		CF78BBD71E4B2589009B3CD7 /* Build configuration list for PBXProject "SwiftDemo01" */ = {
			isa = XCConfigurationList;
			buildConfigurations = (
				CF78BC021E4B2589009B3CD7 /* Debug */,
				CF78BC031E4B2589009B3CD7 /* Release */,
			);
			defaultConfigurationIsVisible = 0;
			defaultConfigurationName = Release;
		};
		CF78BC041E4B2589009B3CD7 /* Build configuration list for PBXNativeTarget "SwiftDemo01" */ = {
			isa = XCConfigurationList;
			buildConfigurations = (
				CF78BC051E4B2589009B3CD7 /* Debug */,
				CF78BC061E4B2589009B3CD7 /* Release */,
			);
			defaultConfigurationIsVisible = 0;
		};
		CF78BC071E4B2589009B3CD7 /* Build configuration list for PBXNativeTarget "SwiftDemo01Tests" */ = {
			isa = XCConfigurationList;
			buildConfigurations = (
				CF78BC081E4B2589009B3CD7 /* Debug */,
				CF78BC091E4B2589009B3CD7 /* Release */,
			);
			defaultConfigurationIsVisible = 0;
		};
		CF78BC0A1E4B2589009B3CD7 /* Build configuration list for PBXNativeTarget "SwiftDemo01UITests" */ = {
			isa = XCConfigurationList;
			buildConfigurations = (
				CF78BC0B1E4B2589009B3CD7 /* Debug */,
				CF78BC0C1E4B2589009B3CD7 /* Release */,
			);
			defaultConfigurationIsVisible = 0;
		};
/* End XCConfigurationList section */
	};
	rootObject = CF78BBD41E4B2589009B3CD7 /* Project object */;
}
